
Microsoft Visual Studio Solution File, Format Version 12.00
# Visual Studio Version 16
VisualStudioVersion = 16.0.29102.190
MinimumVisualStudioVersion = 15.0.26124.0
Project("{9A19103F-16F7-4668-BE54-9A1E7A4F7556}") = "Domain", "Domain\Domain.csproj", "{BF16D030-8CB1-456C-B70D-659709964513}"
EndProject
Project("{9A19103F-16F7-4668-BE54-9A1E7A4F7556}") = "API", "API\API.csproj", "{87EB7A1A-2263-4085-98CF-7867A9DB13AC}"
EndProject
Project("{9A19103F-16F7-4668-BE54-9A1E7A4F7556}") = "Application", "Application\Application.csproj", "{F910474C-8268-47A4-9F0E-76A9DA423CB5}"
EndProject
Project("{9A19103F-16F7-4668-BE54-9A1E7A4F7556}") = "Persistence", "Persistence\Persistence.csproj", "{A999D042-193A-4246-BF90-8121947CD610}"
EndProject
Project("{FAE04EC0-301F-11D3-BF4B-00C04F79EFBC}") = "Infrastructure", "Infrastructure\Infrastructure.csproj", "{495E543D-1123-4BDC-AA5E-FFA714E9957B}"
EndProject
Global
	GlobalSection(SolutionConfigurationPlatforms) = preSolution
		Debug|Any CPU = Debug|Any CPU
		Debug|x64 = Debug|x64
		Debug|x86 = Debug|x86
		Release|Any CPU = Release|Any CPU
		Release|x64 = Release|x64
		Release|x86 = Release|x86
	EndGlobalSection
	GlobalSection(ProjectConfigurationPlatforms) = postSolution
		{BF16D030-8CB1-456C-B70D-659709964513}.Debug|Any CPU.ActiveCfg = Debug|Any CPU
		{BF16D030-8CB1-456C-B70D-659709964513}.Debug|Any CPU.Build.0 = Debug|Any CPU
		{BF16D030-8CB1-456C-B70D-659709964513}.Debug|x64.ActiveCfg = Debug|Any CPU
		{BF16D030-8CB1-456C-B70D-659709964513}.Debug|x64.Build.0 = Debug|Any CPU
		{BF16D030-8CB1-456C-B70D-659709964513}.Debug|x86.ActiveCfg = Debug|Any CPU
		{BF16D030-8CB1-456C-B70D-659709964513}.Debug|x86.Build.0 = Debug|Any CPU
		{BF16D030-8CB1-456C-B70D-659709964513}.Release|Any CPU.ActiveCfg = Release|Any CPU
		{BF16D030-8CB1-456C-B70D-659709964513}.Release|Any CPU.Build.0 = Release|Any CPU
		{BF16D030-8CB1-456C-B70D-659709964513}.Release|x64.ActiveCfg = Release|Any CPU
		{BF16D030-8CB1-456C-B70D-659709964513}.Release|x64.Build.0 = Release|Any CPU
		{BF16D030-8CB1-456C-B70D-659709964513}.Release|x86.ActiveCfg = Release|Any CPU
		{BF16D030-8CB1-456C-B70D-659709964513}.Release|x86.Build.0 = Release|Any CPU
		{87EB7A1A-2263-4085-98CF-7867A9DB13AC}.Debug|Any CPU.ActiveCfg = Debug|Any CPU
		{87EB7A1A-2263-4085-98CF-7867A9DB13AC}.Debug|Any CPU.Build.0 = Debug|Any CPU
		{87EB7A1A-2263-4085-98CF-7867A9DB13AC}.Debug|x64.ActiveCfg = Debug|Any CPU
		{87EB7A1A-2263-4085-98CF-7867A9DB13AC}.Debug|x64.Build.0 = Debug|Any CPU
		{87EB7A1A-2263-4085-98CF-7867A9DB13AC}.Debug|x86.ActiveCfg = Debug|Any CPU
		{87EB7A1A-2263-4085-98CF-7867A9DB13AC}.Debug|x86.Build.0 = Debug|Any CPU
		{87EB7A1A-2263-4085-98CF-7867A9DB13AC}.Release|Any CPU.ActiveCfg = Release|Any CPU
		{87EB7A1A-2263-4085-98CF-7867A9DB13AC}.Release|Any CPU.Build.0 = Release|Any CPU
		{87EB7A1A-2263-4085-98CF-7867A9DB13AC}.Release|x64.ActiveCfg = Release|Any CPU
		{87EB7A1A-2263-4085-98CF-7867A9DB13AC}.Release|x64.Build.0 = Release|Any CPU
		{87EB7A1A-2263-4085-98CF-7867A9DB13AC}.Release|x86.ActiveCfg = Release|Any CPU
		{87EB7A1A-2263-4085-98CF-7867A9DB13AC}.Release|x86.Build.0 = Release|Any CPU
		{F910474C-8268-47A4-9F0E-76A9DA423CB5}.Debug|Any CPU.ActiveCfg = Debug|Any CPU
		{F910474C-8268-47A4-9F0E-76A9DA423CB5}.Debug|Any CPU.Build.0 = Debug|Any CPU
		{F910474C-8268-47A4-9F0E-76A9DA423CB5}.Debug|x64.ActiveCfg = Debug|Any CPU
		{F910474C-8268-47A4-9F0E-76A9DA423CB5}.Debug|x64.Build.0 = Debug|Any CPU
		{F910474C-8268-47A4-9F0E-76A9DA423CB5}.Debug|x86.ActiveCfg = Debug|Any CPU
		{F910474C-8268-47A4-9F0E-76A9DA423CB5}.Debug|x86.Build.0 = Debug|Any CPU
		{F910474C-8268-47A4-9F0E-76A9DA423CB5}.Release|Any CPU.ActiveCfg = Release|Any CPU
		{F910474C-8268-47A4-9F0E-76A9DA423CB5}.Release|Any CPU.Build.0 = Release|Any CPU
		{F910474C-8268-47A4-9F0E-76A9DA423CB5}.Release|x64.ActiveCfg = Release|Any CPU
		{F910474C-8268-47A4-9F0E-76A9DA423CB5}.Release|x64.Build.0 = Release|Any CPU
		{F910474C-8268-47A4-9F0E-76A9DA423CB5}.Release|x86.ActiveCfg = Release|Any CPU
		{F910474C-8268-47A4-9F0E-76A9DA423CB5}.Release|x86.Build.0 = Release|Any CPU
		{A999D042-193A-4246-BF90-8121947CD610}.Debug|Any CPU.ActiveCfg = Debug|Any CPU
		{A999D042-193A-4246-BF90-8121947CD610}.Debug|Any CPU.Build.0 = Debug|Any CPU
		{A999D042-193A-4246-BF90-8121947CD610}.Debug|x64.ActiveCfg = Debug|Any CPU
		{A999D042-193A-4246-BF90-8121947CD610}.Debug|x64.Build.0 = Debug|Any CPU
		{A999D042-193A-4246-BF90-8121947CD610}.Debug|x86.ActiveCfg = Debug|Any CPU
		{A999D042-193A-4246-BF90-8121947CD610}.Debug|x86.Build.0 = Debug|Any CPU
		{A999D042-193A-4246-BF90-8121947CD610}.Release|Any CPU.ActiveCfg = Release|Any CPU
		{A999D042-193A-4246-BF90-8121947CD610}.Release|Any CPU.Build.0 = Release|Any CPU
		{A999D042-193A-4246-BF90-8121947CD610}.Release|x64.ActiveCfg = Release|Any CPU
		{A999D042-193A-4246-BF90-8121947CD610}.Release|x64.Build.0 = Release|Any CPU
		{A999D042-193A-4246-BF90-8121947CD610}.Release|x86.ActiveCfg = Release|Any CPU
		{A999D042-193A-4246-BF90-8121947CD610}.Release|x86.Build.0 = Release|Any CPU
		{495E543D-1123-4BDC-AA5E-FFA714E9957B}.Debug|Any CPU.ActiveCfg = Debug|Any CPU
		{495E543D-1123-4BDC-AA5E-FFA714E9957B}.Debug|Any CPU.Build.0 = Debug|Any CPU
		{495E543D-1123-4BDC-AA5E-FFA714E9957B}.Debug|x64.ActiveCfg = Debug|Any CPU
		{495E543D-1123-4BDC-AA5E-FFA714E9957B}.Debug|x64.Build.0 = Debug|Any CPU
		{495E543D-1123-4BDC-AA5E-FFA714E9957B}.Debug|x86.ActiveCfg = Debug|Any CPU
		{495E543D-1123-4BDC-AA5E-FFA714E9957B}.Debug|x86.Build.0 = Debug|Any CPU
		{495E543D-1123-4BDC-AA5E-FFA714E9957B}.Release|Any CPU.ActiveCfg = Release|Any CPU
		{495E543D-1123-4BDC-AA5E-FFA714E9957B}.Release|Any CPU.Build.0 = Release|Any CPU
		{495E543D-1123-4BDC-AA5E-FFA714E9957B}.Release|x64.ActiveCfg = Release|Any CPU
		{495E543D-1123-4BDC-AA5E-FFA714E9957B}.Release|x64.Build.0 = Release|Any CPU
		{495E543D-1123-4BDC-AA5E-FFA714E9957B}.Release|x86.ActiveCfg = Release|Any CPU
		{495E543D-1123-4BDC-AA5E-FFA714E9957B}.Release|x86.Build.0 = Release|Any CPU
	EndGlobalSection
	GlobalSection(SolutionProperties) = preSolution
		HideSolutionNode = FALSE
	EndGlobalSection
	GlobalSection(ExtensibilityGlobals) = postSolution
		SolutionGuid = {B7E6028E-836A-4F54-9EE3-37ED91BFF302}
	EndGlobalSection
EndGlobal
